
Microsoft Visual Studio Solution File, Format Version 12.00
# Visual Studio Version 17
VisualStudioVersion = 17.0.32014.148
MinimumVisualStudioVersion = 10.0.40219.1
Project("{FAE04EC0-301F-11D3-BF4B-00C04F79EFBC}") = "GameOfLife.Console", "GameOfLife.Console.csproj", "{0823213F-CC43-40AB-8A21-470E36EA7215}"
EndProject
Project("{FAE04EC0-301F-11D3-BF4B-00C04F79EFBC}") = "GameOfLife.Core", "..\GameOfLife.Core\GameOfLife.Core.csproj", "{7609766A-D820-4AEB-8FD6-1804EFE79DBC}"
EndProject
Project("{FAE04EC0-301F-11D3-BF4B-00C04F79EFBC}") = "GameOfLife.Core.Tests", "..\GameOfLife.Core.Tests\GameOfLife.Core.Tests.csproj", "{F822E73E-5C2F-4B23-A714-B71A4E86B927}"
EndProject
Global
	GlobalSection(SolutionConfigurationPlatforms) = preSolution
		Debug|Any CPU = Debug|Any CPU
		Release|Any CPU = Release|Any CPU
	EndGlobalSection
	GlobalSection(ProjectConfigurationPlatforms) = postSolution
		{0823213F-CC43-40AB-8A21-470E36EA7215}.Debug|Any CPU.ActiveCfg = Debug|Any CPU
		{0823213F-CC43-40AB-8A21-470E36EA7215}.Debug|Any CPU.Build.0 = Debug|Any CPU
		{0823213F-CC43-40AB-8A21-470E36EA7215}.Release|Any CPU.ActiveCfg = Release|Any CPU
		{0823213F-CC43-40AB-8A21-470E36EA7215}.Release|Any CPU.Build.0 = Release|Any CPU
		{7609766A-D820-4AEB-8FD6-1804EFE79DBC}.Debug|Any CPU.ActiveCfg = Debug|Any CPU
		{7609766A-D820-4AEB-8FD6-1804EFE79DBC}.Debug|Any CPU.Build.0 = Debug|Any CPU
		{7609766A-D820-4AEB-8FD6-1804EFE79DBC}.Release|Any CPU.ActiveCfg = Release|Any CPU
		{7609766A-D820-4AEB-8FD6-1804EFE79DBC}.Release|Any CPU.Build.0 = Release|Any CPU
		{F822E73E-5C2F-4B23-A714-B71A4E86B927}.Debug|Any CPU.ActiveCfg = Debug|Any CPU
		{F822E73E-5C2F-4B23-A714-B71A4E86B927}.Debug|Any CPU.Build.0 = Debug|Any CPU
		{F822E73E-5C2F-4B23-A714-B71A4E86B927}.Release|Any CPU.ActiveCfg = Release|Any CPU
		{F822E73E-5C2F-4B23-A714-B71A4E86B927}.Release|Any CPU.Build.0 = Release|Any CPU
	EndGlobalSection
	GlobalSection(SolutionProperties) = preSolution
		HideSolutionNode = FALSE
	EndGlobalSection
	GlobalSection(ExtensibilityGlobals) = postSolution
		SolutionGuid = {7D99DD5B-B681-4931-96CB-1890D8538066}
	EndGlobalSection
EndGlobal
